
Microsoft Visual Studio Solution File, Format Version 12.00
# Visual Studio Version 17
VisualStudioVersion = 17.13.35828.75 d17.13
MinimumVisualStudioVersion = 10.0.40219.1
Project("{FAE04EC0-301F-11D3-BF4B-00C04F79EFBC}") = "SalesDatePrediction", "SalesDatePrediction\SalesDatePrediction.csproj", "{9AB06C0A-C28F-4949-A30A-C1996FCE4762}"
EndProject
Global
	GlobalSection(SolutionConfigurationPlatforms) = preSolution
		Debug|Any CPU = Debug|Any CPU
		Release|Any CPU = Release|Any CPU
	EndGlobalSection
	GlobalSection(ProjectConfigurationPlatforms) = postSolution
		{9AB06C0A-C28F-4949-A30A-C1996FCE4762}.Debug|Any CPU.ActiveCfg = Debug|Any CPU
		{9AB06C0A-C28F-4949-A30A-C1996FCE4762}.Debug|Any CPU.Build.0 = Debug|Any CPU
		{9AB06C0A-C28F-4949-A30A-C1996FCE4762}.Release|Any CPU.ActiveCfg = Release|Any CPU
		{9AB06C0A-C28F-4949-A30A-C1996FCE4762}.Release|Any CPU.Build.0 = Release|Any CPU
	EndGlobalSection
	GlobalSection(SolutionProperties) = preSolution
		HideSolutionNode = FALSE
	EndGlobalSection
	GlobalSection(ExtensibilityGlobals) = postSolution
		SolutionGuid = {9A0A4BD2-4B40-4C49-AA25-5D3F29EA2623}
	EndGlobalSection
EndGlobal
